
Microsoft Visual Studio Solution File, Format Version 12.00
# Visual Studio Version 16
VisualStudioVersion = 16.0.32630.194
MinimumVisualStudioVersion = 10.0.40219.1
Project("{FAE04EC0-301F-11D3-BF4B-00C04F79EFBC}") = "WindowsApplicationGlobalClient", "WindowsApplicationGlobalClient\WindowsApplicationGlobalClient.csproj", "{BFC45DFA-0797-48DE-A405-776430C64369}"
EndProject
Project("{FAE04EC0-301F-11D3-BF4B-00C04F79EFBC}") = "WcfServiceBookstore", "WcfServiceBookstore\WcfServiceBookstore.csproj", "{CC7CAE09-391B-4966-ADC6-4889293796AC}"
EndProject
Global
	GlobalSection(SolutionConfigurationPlatforms) = preSolution
		Debug|Any CPU = Debug|Any CPU
		Release|Any CPU = Release|Any CPU
	EndGlobalSection
	GlobalSection(ProjectConfigurationPlatforms) = postSolution
		{BFC45DFA-0797-48DE-A405-776430C64369}.Debug|Any CPU.ActiveCfg = Debug|Any CPU
		{BFC45DFA-0797-48DE-A405-776430C64369}.Debug|Any CPU.Build.0 = Debug|Any CPU
		{BFC45DFA-0797-48DE-A405-776430C64369}.Release|Any CPU.ActiveCfg = Release|Any CPU
		{BFC45DFA-0797-48DE-A405-776430C64369}.Release|Any CPU.Build.0 = Release|Any CPU
		{CC7CAE09-391B-4966-ADC6-4889293796AC}.Debug|Any CPU.ActiveCfg = Debug|Any CPU
		{CC7CAE09-391B-4966-ADC6-4889293796AC}.Debug|Any CPU.Build.0 = Debug|Any CPU
		{CC7CAE09-391B-4966-ADC6-4889293796AC}.Release|Any CPU.ActiveCfg = Release|Any CPU
		{CC7CAE09-391B-4966-ADC6-4889293796AC}.Release|Any CPU.Build.0 = Release|Any CPU
	EndGlobalSection
	GlobalSection(SolutionProperties) = preSolution
		HideSolutionNode = FALSE
	EndGlobalSection
	GlobalSection(ExtensibilityGlobals) = postSolution
		SolutionGuid = {980AFABB-4AD5-45AA-A214-6A50CD4A27F8}
	EndGlobalSection
EndGlobal
